
Microsoft Visual Studio Solution File, Format Version 12.00
# Visual Studio Version 16
VisualStudioVersion = 16.0.31129.286
MinimumVisualStudioVersion = 10.0.40219.1
Project("{9A19103F-16F7-4668-BE54-9A1E7A4F7556}") = "CsharpConsole", "CsharpConsole.csproj", "{D69F488D-02D0-4159-85D0-A3F297020575}"
EndProject
Project("{FAE04EC0-301F-11D3-BF4B-00C04F79EFBC}") = "AccessModifiersClasses", "..\ClassLibrary1\AccessModifiersClasses.csproj", "{07C6927F-89F6-4E97-ABB9-E7CFDCDC70A6}"
EndProject
Global
	GlobalSection(SolutionConfigurationPlatforms) = preSolution
		Debug|Any CPU = Debug|Any CPU
		Release|Any CPU = Release|Any CPU
	EndGlobalSection
	GlobalSection(ProjectConfigurationPlatforms) = postSolution
		{D69F488D-02D0-4159-85D0-A3F297020575}.Debug|Any CPU.ActiveCfg = Debug|Any CPU
		{D69F488D-02D0-4159-85D0-A3F297020575}.Debug|Any CPU.Build.0 = Debug|Any CPU
		{D69F488D-02D0-4159-85D0-A3F297020575}.Release|Any CPU.ActiveCfg = Release|Any CPU
		{D69F488D-02D0-4159-85D0-A3F297020575}.Release|Any CPU.Build.0 = Release|Any CPU
		{07C6927F-89F6-4E97-ABB9-E7CFDCDC70A6}.Debug|Any CPU.ActiveCfg = Debug|Any CPU
		{07C6927F-89F6-4E97-ABB9-E7CFDCDC70A6}.Debug|Any CPU.Build.0 = Debug|Any CPU
		{07C6927F-89F6-4E97-ABB9-E7CFDCDC70A6}.Release|Any CPU.ActiveCfg = Release|Any CPU
		{07C6927F-89F6-4E97-ABB9-E7CFDCDC70A6}.Release|Any CPU.Build.0 = Release|Any CPU
	EndGlobalSection
	GlobalSection(SolutionProperties) = preSolution
		HideSolutionNode = FALSE
	EndGlobalSection
	GlobalSection(ExtensibilityGlobals) = postSolution
		SolutionGuid = {EFC744F7-54B8-454D-8545-A03E909EDBE3}
	EndGlobalSection
EndGlobal
