
Microsoft Visual Studio Solution File, Format Version 12.00
# Visual Studio Version 17
VisualStudioVersion = 17.10.34928.147
MinimumVisualStudioVersion = 10.0.40219.1
Project("{FAE04EC0-301F-11D3-BF4B-00C04F79EFBC}") = "NUnitProject", "NUnitProject\NUnitProject.csproj", "{1E5659C4-D774-49D7-B69F-C9CDBE49574D}"
EndProject
Global
	GlobalSection(SolutionConfigurationPlatforms) = preSolution
		Debug|Any CPU = Debug|Any CPU
		Release|Any CPU = Release|Any CPU
	EndGlobalSection
	GlobalSection(ProjectConfigurationPlatforms) = postSolution
		{1E5659C4-D774-49D7-B69F-C9CDBE49574D}.Debug|Any CPU.ActiveCfg = Debug|Any CPU
		{1E5659C4-D774-49D7-B69F-C9CDBE49574D}.Debug|Any CPU.Build.0 = Debug|Any CPU
		{1E5659C4-D774-49D7-B69F-C9CDBE49574D}.Release|Any CPU.ActiveCfg = Release|Any CPU
		{1E5659C4-D774-49D7-B69F-C9CDBE49574D}.Release|Any CPU.Build.0 = Release|Any CPU
	EndGlobalSection
	GlobalSection(SolutionProperties) = preSolution
		HideSolutionNode = FALSE
	EndGlobalSection
	GlobalSection(ExtensibilityGlobals) = postSolution
		SolutionGuid = {669FD7FB-903E-4849-8A31-C1CE7CDB2AAA}
	EndGlobalSection
EndGlobal
