
Microsoft Visual Studio Solution File, Format Version 12.00
# Visual Studio Version 17
VisualStudioVersion = 17.10.34928.147
MinimumVisualStudioVersion = 10.0.40219.1
Project("{9A19103F-16F7-4668-BE54-9A1E7A4F7556}") = "MagicDestroyers", "MagicDestroyers\MagicDestroyers.csproj", "{6F37C8D6-E9EF-4E70-A240-4E3270EFB497}"
EndProject
Global
	GlobalSection(SolutionConfigurationPlatforms) = preSolution
		Debug|Any CPU = Debug|Any CPU
		Release|Any CPU = Release|Any CPU
	EndGlobalSection
	GlobalSection(ProjectConfigurationPlatforms) = postSolution
		{6F37C8D6-E9EF-4E70-A240-4E3270EFB497}.Debug|Any CPU.ActiveCfg = Debug|Any CPU
		{6F37C8D6-E9EF-4E70-A240-4E3270EFB497}.Debug|Any CPU.Build.0 = Debug|Any CPU
		{6F37C8D6-E9EF-4E70-A240-4E3270EFB497}.Release|Any CPU.ActiveCfg = Release|Any CPU
		{6F37C8D6-E9EF-4E70-A240-4E3270EFB497}.Release|Any CPU.Build.0 = Release|Any CPU
	EndGlobalSection
	GlobalSection(SolutionProperties) = preSolution
		HideSolutionNode = FALSE
	EndGlobalSection
	GlobalSection(ExtensibilityGlobals) = postSolution
		SolutionGuid = {A650112A-476D-4700-BD45-CC533D5EECD2}
	EndGlobalSection
EndGlobal
